// !$*UTF8*$!
{
	archiveVersion = 1;
	classes = {
	};
	objectVersion = 48;
	objects = {

/* Begin PBXBuildFile section */
		6527DB3B1F57E8D400441D42 /* AppDelegate.swift in Sources */ = {isa = PBXBuildFile; fileRef = 6527DB3A1F57E8D400441D42 /* AppDelegate.swift */; };
		6527DB3D1F57E8D400441D42 /* ViewController.swift in Sources */ = {isa = PBXBuildFile; fileRef = 6527DB3C1F57E8D400441D42 /* ViewController.swift */; };
		6527DB401F57E8D400441D42 /* Main.storyboard in Resources */ = {isa = PBXBuildFile; fileRef = 6527DB3E1F57E8D400441D42 /* Main.storyboard */; };
		6527DB421F57E8D400441D42 /* Assets.xcassets in Resources */ = {isa = PBXBuildFile; fileRef = 6527DB411F57E8D400441D42 /* Assets.xcassets */; };
		6527DB451F57E8D400441D42 /* LaunchScreen.storyboard in Resources */ = {isa = PBXBuildFile; fileRef = 6527DB431F57E8D400441D42 /* LaunchScreen.storyboard */; };
/* End PBXBuildFile section */

/* Begin PBXFileReference section */
		6527DB371F57E8D400441D42 /* Xcode9SwiftProtocolTest.app */ = {isa = PBXFileReference; explicitFileType = wrapper.application; includeInIndex = 0; path = Xcode9SwiftProtocolTest.app; sourceTree = BUILT_PRODUCTS_DIR; };
		6527DB3A1F57E8D400441D42 /* AppDelegate.swift */ = {isa = PBXFileReference; lastKnownFileType = sourcecode.swift; path = AppDelegate.swift; sourceTree = "<group>"; };
		6527DB3C1F57E8D400441D42 /* ViewController.swift */ = {isa = PBXFileReference; lastKnownFileType = sourcecode.swift; path = ViewController.swift; sourceTree = "<group>"; };
		6527DB3F1F57E8D400441D42 /* Base */ = {isa = PBXFileReference; lastKnownFileType = file.storyboard; name = Base; path = Base.lproj/Main.storyboard; sourceTree = "<group>"; };
		6527DB411F57E8D400441D42 /* Assets.xcassets */ = {isa = PBXFileReference; lastKnownFileType = folder.assetcatalog; path = Assets.xcassets; sourceTree = "<group>"; };
		6527DB441F57E8D400441D42 /* Base */ = {isa = PBXFileReference; lastKnownFileType = file.storyboard; name = Base; path = Base.lproj/LaunchScreen.storyboard; sourceTree = "<group>"; };
		6527DB461F57E8D400441D42 /* Info.plist */ = {isa = PBXFileReference; lastKnownFileType = text.plist.xml; path = Info.plist; sourceTree = "<group>"; };
/* End PBXFileReference section */

/* Begin PBXFrameworksBuildPhase section */
		6527DB341F57E8D400441D42 /* Frameworks */ = {
			isa = PBXFrameworksBuildPhase;
			buildActionMask = 2147483647;
			files = (
			);
			runOnlyForDeploymentPostprocessing = 0;
		};
/* End PBXFrameworksBuildPhase section */

/* Begin PBXGroup section */
		6527DB2E1F57E8D400441D42 = {
			isa = PBXGroup;
			children = (
				6527DB391F57E8D400441D42 /* Xcode9SwiftProtocolTest */,
				6527DB381F57E8D400441D42 /* Products */,
			);
			sourceTree = "<group>";
		};
		6527DB381F57E8D400441D42 /* Products */ = {
			isa = PBXGroup;
			children = (
				6527DB371F57E8D400441D42 /* Xcode9SwiftProtocolTest.app */,
			);
			name = Products;
			sourceTree = "<group>";
		};
		6527DB391F57E8D400441D42 /* Xcode9SwiftProtocolTest */ = {
			isa = PBXGroup;
			children = (
				6527DB3A1F57E8D400441D42 /* AppDelegate.swift */,
				6527DB3C1F57E8D400441D42 /* ViewController.swift */,
				6527DB3E1F57E8D400441D42 /* Main.storyboard */,
				6527DB411F57E8D400441D42 /* Assets.xcassets */,
				6527DB431F57E8D400441D42 /* LaunchScreen.storyboard */,
				6527DB461F57E8D400441D42 /* Info.plist */,
			);
			path = Xcode9SwiftProtocolTest;
			sourceTree = "<group>";
		};
/* End PBXGroup section */

/* Begin PBXNativeTarget section */
		6527DB361F57E8D400441D42 /* Xcode9SwiftProtocolTest */ = {
			isa = PBXNativeTarget;
			buildConfigurationList = 6527DB491F57E8D400441D42 /* Build configuration list for PBXNativeTarget "Xcode9SwiftProtocolTest" */;
			buildPhases = (
				6527DB331F57E8D400441D42 /* Sources */,
				6527DB341F57E8D400441D42 /* Frameworks */,
				6527DB351F57E8D400441D42 /* Resources */,
			);
			buildRules = (
			);
			dependencies = (
			);
			name = Xcode9SwiftProtocolTest;
			productName = Xcode9SwiftProtocolTest;
			productReference = 6527DB371F57E8D400441D42 /* Xcode9SwiftProtocolTest.app */;
			productType = "com.apple.product-type.application";
		};
/* End PBXNativeTarget section */

/* Begin PBXProject section */
		6527DB2F1F57E8D400441D42 /* Project object */ = {
			isa = PBXProject;
			attributes = {
				LastSwiftUpdateCheck = 0900;
				LastUpgradeCheck = 0900;
				ORGANIZATIONNAME = "Daniel Dickison";
				TargetAttributes = {
					6527DB361F57E8D400441D42 = {
						CreatedOnToolsVersion = 9.0;
						ProvisioningStyle = Automatic;
					};
				};
			};
			buildConfigurationList = 6527DB321F57E8D400441D42 /* Build configuration list for PBXProject "Xcode9SwiftProtocolTest" */;
			compatibilityVersion = "Xcode 8.0";
			developmentRegion = en;
			hasScannedForEncodings = 0;
			knownRegions = (
				en,
				Base,
			);
			mainGroup = 6527DB2E1F57E8D400441D42;
			productRefGroup = 6527DB381F57E8D400441D42 /* Products */;
			projectDirPath = "";
			projectRoot = "";
			targets = (
				6527DB361F57E8D400441D42 /* Xcode9SwiftProtocolTest */,
			);
		};
/* End PBXProject section */

/* Begin PBXResourcesBuildPhase section */
		6527DB351F57E8D400441D42 /* Resources */ = {
			isa = PBXResourcesBuildPhase;
			buildActionMask = 2147483647;
			files = (
				6527DB451F57E8D400441D42 /* LaunchScreen.storyboard in Resources */,
				6527DB421F57E8D400441D42 /* Assets.xcassets in Resources */,
				6527DB401F57E8D400441D42 /* Main.storyboard in Resources */,
			);
			runOnlyForDeploymentPostprocessing = 0;
		};
/* End PBXResourcesBuildPhase section */

/* Begin PBXSourcesBuildPhase section */
		6527DB331F57E8D400441D42 /* Sources */ = {
			isa = PBXSourcesBuildPhase;
			buildActionMask = 2147483647;
			files = (
				6527DB3D1F57E8D400441D42 /* ViewController.swift in Sources */,
				6527DB3B1F57E8D400441D42 /* AppDelegate.swift in Sources */,
			);
			runOnlyForDeploymentPostprocessing = 0;
		};
/* End PBXSourcesBuildPhase section */

/* Begin PBXVariantGroup section */
		6527DB3E1F57E8D400441D42 /* Main.storyboard */ = {
			isa = PBXVariantGroup;
			children = (
				6527DB3F1F57E8D400441D42 /* Base */,
			);
			name = Main.storyboard;
			sourceTree = "<group>";
		};
		6527DB431F57E8D400441D42 /* LaunchScreen.storyboard */ = {
			isa = PBXVariantGroup;
			children = (
				6527DB441F57E8D400441D42 /* Base */,
			);
			name = LaunchScreen.storyboard;
			sourceTree = "<group>";
		};
/* End PBXVariantGroup section */

/* Begin XCBuildConfiguration section */
		6527DB471F57E8D400441D42 /* Debug */ = {
			isa = XCBuildConfiguration;
			buildSettings = {
				ALWAYS_SEARCH_USER_PATHS = NO;
				CLANG_ANALYZER_NONNULL = YES;
				CLANG_ANALYZER_NUMBER_OBJECT_CONVERSION = YES_AGGRESSIVE;
				CLANG_CXX_LANGUAGE_STANDARD = "gnu++14";
				CLANG_CXX_LIBRARY = "libc++";
				CLANG_ENABLE_MODULES = YES;
				CLANG_ENABLE_OBJC_ARC = YES;
				CLANG_WARN_BLOCK_CAPTURE_AUTORELEASING = YES;
				CLANG_WARN_BOOL_CONVERSION = YES;
				CLANG_WARN_COMMA = YES;
				CLANG_WARN_CONSTANT_CONVERSION = YES;
				CLANG_WARN_DIRECT_OBJC_ISA_USAGE = YES_ERROR;
				CLANG_WARN_DOCUMENTATION_COMMENTS = YES;
				CLANG_WARN_EMPTY_BODY = YES;
				CLANG_WARN_ENUM_CONVERSION = YES;
				CLANG_WARN_INFINITE_RECURSION = YES;
				CLANG_WARN_INT_CONVERSION = YES;
				CLANG_WARN_NON_LITERAL_NULL_CONVERSION = YES;
				CLANG_WARN_OBJC_LITERAL_CONVERSION = YES;
				CLANG_WARN_OBJC_ROOT_CLASS = YES_ERROR;
				CLANG_WARN_RANGE_LOOP_ANALYSIS = YES;
				CLANG_WARN_STRICT_PROTOTYPES = YES;
				CLANG_WARN_SUSPICIOUS_MOVE = YES;
				CLANG_WARN_UNGUARDED_AVAILABILITY = YES_AGGRESSIVE;
				CLANG_WARN_UNREACHABLE_CODE = YES;
				CLANG_WARN__DUPLICATE_METHOD_MATCH = YES;
				CODE_SIGN_IDENTITY = "iPhone Developer";
				COPY_PHASE_STRIP = NO;
				DEBUG_INFORMATION_FORMAT = dwarf;
				ENABLE_STRICT_OBJC_MSGSEND = YES;
				ENABLE_TESTABILITY = YES;
				GCC_C_LANGUAGE_STANDARD = gnu11;
				GCC_DYNAMIC_NO_PIC = NO;
				GCC_NO_COMMON_BLOCKS = YES;
				GCC_OPTIMIZATION_LEVEL = 0;
				GCC_PREPROCESSOR_DEFINITIONS = (
					"DEBUG=1",
					"$(inherited)",
				);
				GCC_WARN_64_TO_32_BIT_CONVERSION = YES;
				GCC_WARN_ABOUT_RETURN_TYPE = YES_ERROR;
				GCC_WARN_UNDECLARED_SELECTOR = YES;
				GCC_WARN_UNINITIALIZED_AUTOS = YES_AGGRESSIVE;
				GCC_WARN_UNUSED_FUNCTION = YES;
				GCC_WARN_UNUSED_VARIABLE = YES;
				IPHONEOS_DEPLOYMENT_TARGET = 11.0;
				MTL_ENABLE_DEBUG_INFO = YES;
				ONLY_ACTIVE_ARCH = YES;
				SDKROOT = iphoneos;
				SWIFT_ACTIVE_COMPILATION_CONDITIONS = DEBUG;
				SWIFT_OPTIMIZATION_LEVEL = "-Onone";
			};
			name = Debug;
		};
		6527DB481F57E8D400441D42 /* Release */ = {
			isa = XCBuildConfiguration;
			buildSettings = {
				ALWAYS_SEARCH_USER_PATHS = NO;
				CLANG_ANALYZER_NONNULL = YES;
				CLANG_ANALYZER_NUMBER_OBJECT_CONVERSION = YES_AGGRESSIVE;
				CLANG_CXX_LANGUAGE_STANDARD = "gnu++14";
				CLANG_CXX_LIBRARY = "libc++";
				CLANG_ENABLE_MODULES = YES;
				CLANG_ENABLE_OBJC_ARC = YES;
				CLANG_WARN_BLOCK_CAPTURE_AUTORELEASING = YES;
				CLANG_WARN_BOOL_CONVERSION = YES;
				CLANG_WARN_COMMA = YES;
				CLANG_WARN_CONSTANT_CONVERSION = YES;
				CLANG_WARN_DIRECT_OBJC_ISA_USAGE = YES_ERROR;
				CLANG_WARN_DOCUMENTATION_COMMENTS = YES;
				CLANG_WARN_EMPTY_BODY = YES;
				CLANG_WARN_ENUM_CONVERSION = YES;
				CLANG_WARN_INFINITE_RECURSION = YES;
				CLANG_WARN_INT_CONVERSION = YES;
				CLANG_WARN_NON_LITERAL_NULL_CONVERSION = YES;
				CLANG_WARN_OBJC_LITERAL_CONVERSION = YES;
				CLANG_WARN_OBJC_ROOT_CLASS = YES_ERROR;
				CLANG_WARN_RANGE_LOOP_ANALYSIS = YES;
				CLANG_WARN_STRICT_PROTOTYPES = YES;
				CLANG_WARN_SUSPICIOUS_MOVE = YES;
				CLANG_WARN_UNGUARDED_AVAILABILITY = YES_AGGRESSIVE;
				CLANG_WARN_UNREACHABLE_CODE = YES;
				CLANG_WARN__DUPLICATE_METHOD_MATCH = YES;
				CODE_SIGN_IDENTITY = "iPhone Developer";
				COPY_PHASE_STRIP = NO;
				DEBUG_INFORMATION_FORMAT = "dwarf-with-dsym";
				ENABLE_NS_ASSERTIONS = NO;
				ENABLE_STRICT_OBJC_MSGSEND = YES;
				GCC_C_LANGUAGE_STANDARD = gnu11;
				GCC_NO_COMMON_BLOCKS = YES;
				GCC_WARN_64_TO_32_BIT_CONVERSION = YES;
				GCC_WARN_ABOUT_RETURN_TYPE = YES_ERROR;
				GCC_WARN_UNDECLARED_SELECTOR = YES;
				GCC_WARN_UNINITIALIZED_AUTOS = YES_AGGRESSIVE;
				GCC_WARN_UNUSED_FUNCTION = YES;
				GCC_WARN_UNUSED_VARIABLE = YES;
				IPHONEOS_DEPLOYMENT_TARGET = 11.0;
				MTL_ENABLE_DEBUG_INFO = NO;
				SDKROOT = iphoneos;
				SWIFT_OPTIMIZATION_LEVEL = "-Owholemodule";
				VALIDATE_PRODUCT = YES;
			};
			name = Release;
		};
		6527DB4A1F57E8D400441D42 /* Debug */ = {
			isa = XCBuildConfiguration;
			buildSettings = {
				ASSETCATALOG_COMPILER_APPICON_NAME = AppIcon;
				CODE_SIGN_STYLE = Automatic;
				INFOPLIST_FILE = Xcode9SwiftProtocolTest/Info.plist;
				LD_RUNPATH_SEARCH_PATHS = "$(inherited) @executable_path/Frameworks";
				PRODUCT_BUNDLE_IDENTIFIER = com.danieldickison.Xcode9SwiftProtocolTest;
				PRODUCT_NAME = "$(TARGET_NAME)";
				SWIFT_VERSION = 4.0;
				TARGETED_DEVICE_FAMILY = "1,2";
			};
			name = Debug;
		};
		6527DB4B1F57E8D400441D42 /* Release */ = {
			isa = XCBuildConfiguration;
			buildSettings = {
				ASSETCATALOG_COMPILER_APPICON_NAME = AppIcon;
				CODE_SIGN_STYLE = Automatic;
				INFOPLIST_FILE = Xcode9SwiftProtocolTest/Info.plist;
				LD_RUNPATH_SEARCH_PATHS = "$(inherited) @executable_path/Frameworks";
				PRODUCT_BUNDLE_IDENTIFIER = com.danieldickison.Xcode9SwiftProtocolTest;
				PRODUCT_NAME = "$(TARGET_NAME)";
				SWIFT_VERSION = 4.0;
				TARGETED_DEVICE_FAMILY = "1,2";
			};
			name = Release;
		};
/* End XCBuildConfiguration section */

/* Begin XCConfigurationList section */
		6527DB321F57E8D400441D42 /* Build configuration list for PBXProject "Xcode9SwiftProtocolTest" */ = {
			isa = XCConfigurationList;
			buildConfigurations = (
				6527DB471F57E8D400441D42 /* Debug */,
				6527DB481F57E8D400441D42 /* Release */,
			);
			defaultConfigurationIsVisible = 0;
			defaultConfigurationName = Release;
		};
		6527DB491F57E8D400441D42 /* Build configuration list for PBXNativeTarget "Xcode9SwiftProtocolTest" */ = {
			isa = XCConfigurationList;
			buildConfigurations = (
				6527DB4A1F57E8D400441D42 /* Debug */,
				6527DB4B1F57E8D400441D42 /* Release */,
			);
			defaultConfigurationIsVisible = 0;
			defaultConfigurationName = Release;
		};
/* End XCConfigurationList section */
	};
	rootObject = 6527DB2F1F57E8D400441D42 /* Project object */;
}
